
Microsoft Visual Studio Solution File, Format Version 12.00
# Visual Studio Version 17
VisualStudioVersion = 17.2.32516.85
MinimumVisualStudioVersion = 10.0.40219.1
Project("{FAE04EC0-301F-11D3-BF4B-00C04F79EFBC}") = "Quintix App MVC", "Quintix App MVC\Quintix App MVC.csproj", "{D8C3CC5D-E156-44AB-A294-A00E1ADF419F}"
EndProject
Global
	GlobalSection(SolutionConfigurationPlatforms) = preSolution
		Debug|Any CPU = Debug|Any CPU
		Release|Any CPU = Release|Any CPU
	EndGlobalSection
	GlobalSection(ProjectConfigurationPlatforms) = postSolution
		{D8C3CC5D-E156-44AB-A294-A00E1ADF419F}.Debug|Any CPU.ActiveCfg = Debug|Any CPU
		{D8C3CC5D-E156-44AB-A294-A00E1ADF419F}.Debug|Any CPU.Build.0 = Debug|Any CPU
		{D8C3CC5D-E156-44AB-A294-A00E1ADF419F}.Release|Any CPU.ActiveCfg = Release|Any CPU
		{D8C3CC5D-E156-44AB-A294-A00E1ADF419F}.Release|Any CPU.Build.0 = Release|Any CPU
	EndGlobalSection
	GlobalSection(SolutionProperties) = preSolution
		HideSolutionNode = FALSE
	EndGlobalSection
	GlobalSection(ExtensibilityGlobals) = postSolution
		SolutionGuid = {0ED5AE11-A4E0-4A11-BEE2-A29E4BDEA0B4}
	EndGlobalSection
EndGlobal
